// !$*UTF8*$!
{
	archiveVersion = 1;
	classes = {
	};
	objectVersion = 50;
	objects = {

/* Begin PBXBuildFile section */
		F857EDBE20E4F1050055E1F9 /* Dubai.gpx in Resources */ = {isa = PBXBuildFile; fileRef = F857EDBD20E4F1020055E1F9 /* Dubai.gpx */; };
		F85D4CFC20E3FE5300570C99 /* AppDelegate.swift in Sources */ = {isa = PBXBuildFile; fileRef = F85D4CFB20E3FE5300570C99 /* AppDelegate.swift */; };
		F85D4D0120E3FE5300570C99 /* Main.storyboard in Resources */ = {isa = PBXBuildFile; fileRef = F85D4CFF20E3FE5300570C99 /* Main.storyboard */; };
		F85D4D0320E3FE5700570C99 /* Assets.xcassets in Resources */ = {isa = PBXBuildFile; fileRef = F85D4D0220E3FE5700570C99 /* Assets.xcassets */; };
		F85D4D0620E3FE5700570C99 /* LaunchScreen.storyboard in Resources */ = {isa = PBXBuildFile; fileRef = F85D4D0420E3FE5700570C99 /* LaunchScreen.storyboard */; };
		F85D4D1120E3FE5800570C99 /* AYM_iOS_AssessmentTests.swift in Sources */ = {isa = PBXBuildFile; fileRef = F85D4D1020E3FE5800570C99 /* AYM_iOS_AssessmentTests.swift */; };
		F85D4D1C20E3FE5800570C99 /* AYM_iOS_AssessmentUITests.swift in Sources */ = {isa = PBXBuildFile; fileRef = F85D4D1B20E3FE5800570C99 /* AYM_iOS_AssessmentUITests.swift */; };
		F85D4D5820E414D100570C99 /* WeatherViewController.swift in Sources */ = {isa = PBXBuildFile; fileRef = F85D4D5720E414D100570C99 /* WeatherViewController.swift */; };
		F8F6D85B20E8E0E500A6FD8E /* AYMWeatherView.framework in Frameworks */ = {isa = PBXBuildFile; fileRef = F8F6D85A20E8E0E500A6FD8E /* AYMWeatherView.framework */; };
		F8F6D85C20E8E0E500A6FD8E /* AYMWeatherView.framework in Embed Frameworks */ = {isa = PBXBuildFile; fileRef = F8F6D85A20E8E0E500A6FD8E /* AYMWeatherView.framework */; settings = {ATTRIBUTES = (CodeSignOnCopy, RemoveHeadersOnCopy, ); }; };
		F8F6D85E20E8E12400A6FD8E /* Common.framework in Frameworks */ = {isa = PBXBuildFile; fileRef = F8F6D85D20E8E12400A6FD8E /* Common.framework */; };
		F8F6D85F20E8E12400A6FD8E /* Common.framework in Embed Frameworks */ = {isa = PBXBuildFile; fileRef = F8F6D85D20E8E12400A6FD8E /* Common.framework */; settings = {ATTRIBUTES = (CodeSignOnCopy, RemoveHeadersOnCopy, ); }; };
		F8F6D86320E8E4A900A6FD8E /* RestaurantsViewController.swift in Sources */ = {isa = PBXBuildFile; fileRef = F8F6D86220E8E4A800A6FD8E /* RestaurantsViewController.swift */; };
		F8F6D86520E8E53E00A6FD8E /* AYMRestaurantView.framework in Frameworks */ = {isa = PBXBuildFile; fileRef = F8F6D86420E8E53E00A6FD8E /* AYMRestaurantView.framework */; };
		F8F6D86620E8E53E00A6FD8E /* AYMRestaurantView.framework in Embed Frameworks */ = {isa = PBXBuildFile; fileRef = F8F6D86420E8E53E00A6FD8E /* AYMRestaurantView.framework */; settings = {ATTRIBUTES = (CodeSignOnCopy, RemoveHeadersOnCopy, ); }; };
/* End PBXBuildFile section */

/* Begin PBXContainerItemProxy section */
		F85D4D0D20E3FE5800570C99 /* PBXContainerItemProxy */ = {
			isa = PBXContainerItemProxy;
			containerPortal = F85D4CF020E3FE5300570C99 /* Project object */;
			proxyType = 1;
			remoteGlobalIDString = F85D4CF720E3FE5300570C99;
			remoteInfo = "AYM iOS Assessment";
		};
		F85D4D1820E3FE5800570C99 /* PBXContainerItemProxy */ = {
			isa = PBXContainerItemProxy;
			containerPortal = F85D4CF020E3FE5300570C99 /* Project object */;
			proxyType = 1;
			remoteGlobalIDString = F85D4CF720E3FE5300570C99;
			remoteInfo = "AYM iOS Assessment";
		};
/* End PBXContainerItemProxy section */

/* Begin PBXCopyFilesBuildPhase section */
		F857EE3C20E8C17B0055E1F9 /* Embed Frameworks */ = {
			isa = PBXCopyFilesBuildPhase;
			buildActionMask = 2147483647;
			dstPath = "";
			dstSubfolderSpec = 10;
			files = (
				F8F6D85C20E8E0E500A6FD8E /* AYMWeatherView.framework in Embed Frameworks */,
				F8F6D85F20E8E12400A6FD8E /* Common.framework in Embed Frameworks */,
				F8F6D86620E8E53E00A6FD8E /* AYMRestaurantView.framework in Embed Frameworks */,
			);
			name = "Embed Frameworks";
			runOnlyForDeploymentPostprocessing = 0;
		};
/* End PBXCopyFilesBuildPhase section */

/* Begin PBXFileReference section */
		F857EDBD20E4F1020055E1F9 /* Dubai.gpx */ = {isa = PBXFileReference; fileEncoding = 4; lastKnownFileType = text.xml; path = Dubai.gpx; sourceTree = "<group>"; };
		F85D4CF820E3FE5300570C99 /* AYM iOS Assessment.app */ = {isa = PBXFileReference; explicitFileType = wrapper.application; includeInIndex = 0; path = "AYM iOS Assessment.app"; sourceTree = BUILT_PRODUCTS_DIR; };
		F85D4CFB20E3FE5300570C99 /* AppDelegate.swift */ = {isa = PBXFileReference; lastKnownFileType = sourcecode.swift; path = AppDelegate.swift; sourceTree = "<group>"; };
		F85D4D0020E3FE5300570C99 /* Base */ = {isa = PBXFileReference; lastKnownFileType = file.storyboard; name = Base; path = Base.lproj/Main.storyboard; sourceTree = "<group>"; };
		F85D4D0220E3FE5700570C99 /* Assets.xcassets */ = {isa = PBXFileReference; lastKnownFileType = folder.assetcatalog; path = Assets.xcassets; sourceTree = "<group>"; };
		F85D4D0520E3FE5700570C99 /* Base */ = {isa = PBXFileReference; lastKnownFileType = file.storyboard; name = Base; path = Base.lproj/LaunchScreen.storyboard; sourceTree = "<group>"; };
		F85D4D0720E3FE5700570C99 /* Info.plist */ = {isa = PBXFileReference; lastKnownFileType = text.plist.xml; path = Info.plist; sourceTree = "<group>"; };
		F85D4D0C20E3FE5800570C99 /* AYM iOS AssessmentTests.xctest */ = {isa = PBXFileReference; explicitFileType = wrapper.cfbundle; includeInIndex = 0; path = "AYM iOS AssessmentTests.xctest"; sourceTree = BUILT_PRODUCTS_DIR; };
		F85D4D1020E3FE5800570C99 /* AYM_iOS_AssessmentTests.swift */ = {isa = PBXFileReference; lastKnownFileType = sourcecode.swift; path = AYM_iOS_AssessmentTests.swift; sourceTree = "<group>"; };
		F85D4D1220E3FE5800570C99 /* Info.plist */ = {isa = PBXFileReference; lastKnownFileType = text.plist.xml; path = Info.plist; sourceTree = "<group>"; };
		F85D4D1720E3FE5800570C99 /* AYM iOS AssessmentUITests.xctest */ = {isa = PBXFileReference; explicitFileType = wrapper.cfbundle; includeInIndex = 0; path = "AYM iOS AssessmentUITests.xctest"; sourceTree = BUILT_PRODUCTS_DIR; };
		F85D4D1B20E3FE5800570C99 /* AYM_iOS_AssessmentUITests.swift */ = {isa = PBXFileReference; lastKnownFileType = sourcecode.swift; path = AYM_iOS_AssessmentUITests.swift; sourceTree = "<group>"; };
		F85D4D1D20E3FE5800570C99 /* Info.plist */ = {isa = PBXFileReference; lastKnownFileType = text.plist.xml; path = Info.plist; sourceTree = "<group>"; };
		F85D4D5720E414D100570C99 /* WeatherViewController.swift */ = {isa = PBXFileReference; lastKnownFileType = sourcecode.swift; path = WeatherViewController.swift; sourceTree = "<group>"; };
		F8F6D85A20E8E0E500A6FD8E /* AYMWeatherView.framework */ = {isa = PBXFileReference; explicitFileType = wrapper.framework; path = AYMWeatherView.framework; sourceTree = BUILT_PRODUCTS_DIR; };
		F8F6D85D20E8E12400A6FD8E /* Common.framework */ = {isa = PBXFileReference; explicitFileType = wrapper.framework; path = Common.framework; sourceTree = BUILT_PRODUCTS_DIR; };
		F8F6D86220E8E4A800A6FD8E /* RestaurantsViewController.swift */ = {isa = PBXFileReference; fileEncoding = 4; lastKnownFileType = sourcecode.swift; path = RestaurantsViewController.swift; sourceTree = "<group>"; };
		F8F6D86420E8E53E00A6FD8E /* AYMRestaurantView.framework */ = {isa = PBXFileReference; explicitFileType = wrapper.framework; path = AYMRestaurantView.framework; sourceTree = BUILT_PRODUCTS_DIR; };
/* End PBXFileReference section */

/* Begin PBXFrameworksBuildPhase section */
		F85D4CF520E3FE5300570C99 /* Frameworks */ = {
			isa = PBXFrameworksBuildPhase;
			buildActionMask = 2147483647;
			files = (
				F8F6D85B20E8E0E500A6FD8E /* AYMWeatherView.framework in Frameworks */,
				F8F6D85E20E8E12400A6FD8E /* Common.framework in Frameworks */,
				F8F6D86520E8E53E00A6FD8E /* AYMRestaurantView.framework in Frameworks */,
			);
			runOnlyForDeploymentPostprocessing = 0;
		};
		F85D4D0920E3FE5800570C99 /* Frameworks */ = {
			isa = PBXFrameworksBuildPhase;
			buildActionMask = 2147483647;
			files = (
			);
			runOnlyForDeploymentPostprocessing = 0;
		};
		F85D4D1420E3FE5800570C99 /* Frameworks */ = {
			isa = PBXFrameworksBuildPhase;
			buildActionMask = 2147483647;
			files = (
			);
			runOnlyForDeploymentPostprocessing = 0;
		};
/* End PBXFrameworksBuildPhase section */

/* Begin PBXGroup section */
		F85D4CEF20E3FE5300570C99 = {
			isa = PBXGroup;
			children = (
				F8F6D86420E8E53E00A6FD8E /* AYMRestaurantView.framework */,
				F8F6D85D20E8E12400A6FD8E /* Common.framework */,
				F8F6D85A20E8E0E500A6FD8E /* AYMWeatherView.framework */,
				F85D4CFA20E3FE5300570C99 /* AYM iOS Assessment */,
				F85D4D0F20E3FE5800570C99 /* AYM iOS AssessmentTests */,
				F85D4D1A20E3FE5800570C99 /* AYM iOS AssessmentUITests */,
				F85D4CF920E3FE5300570C99 /* Products */,
			);
			sourceTree = "<group>";
		};
		F85D4CF920E3FE5300570C99 /* Products */ = {
			isa = PBXGroup;
			children = (
				F85D4CF820E3FE5300570C99 /* AYM iOS Assessment.app */,
				F85D4D0C20E3FE5800570C99 /* AYM iOS AssessmentTests.xctest */,
				F85D4D1720E3FE5800570C99 /* AYM iOS AssessmentUITests.xctest */,
			);
			name = Products;
			sourceTree = "<group>";
		};
		F85D4CFA20E3FE5300570C99 /* AYM iOS Assessment */ = {
			isa = PBXGroup;
			children = (
				F857EDBD20E4F1020055E1F9 /* Dubai.gpx */,
				F85D4D5620E4147600570C99 /* ViewControllers */,
				F85D4CFB20E3FE5300570C99 /* AppDelegate.swift */,
				F85D4CFF20E3FE5300570C99 /* Main.storyboard */,
				F85D4D0220E3FE5700570C99 /* Assets.xcassets */,
				F85D4D0420E3FE5700570C99 /* LaunchScreen.storyboard */,
				F85D4D0720E3FE5700570C99 /* Info.plist */,
			);
			path = "AYM iOS Assessment";
			sourceTree = "<group>";
		};
		F85D4D0F20E3FE5800570C99 /* AYM iOS AssessmentTests */ = {
			isa = PBXGroup;
			children = (
				F85D4D1020E3FE5800570C99 /* AYM_iOS_AssessmentTests.swift */,
				F85D4D1220E3FE5800570C99 /* Info.plist */,
			);
			path = "AYM iOS AssessmentTests";
			sourceTree = "<group>";
		};
		F85D4D1A20E3FE5800570C99 /* AYM iOS AssessmentUITests */ = {
			isa = PBXGroup;
			children = (
				F85D4D1B20E3FE5800570C99 /* AYM_iOS_AssessmentUITests.swift */,
				F85D4D1D20E3FE5800570C99 /* Info.plist */,
			);
			path = "AYM iOS AssessmentUITests";
			sourceTree = "<group>";
		};
		F85D4D5620E4147600570C99 /* ViewControllers */ = {
			isa = PBXGroup;
			children = (
				F8F6D86220E8E4A800A6FD8E /* RestaurantsViewController.swift */,
				F85D4D5720E414D100570C99 /* WeatherViewController.swift */,
			);
			path = ViewControllers;
			sourceTree = "<group>";
		};
/* End PBXGroup section */

/* Begin PBXNativeTarget section */
		F85D4CF720E3FE5300570C99 /* AYM iOS Assessment */ = {
			isa = PBXNativeTarget;
			buildConfigurationList = F85D4D2020E3FE5800570C99 /* Build configuration list for PBXNativeTarget "AYM iOS Assessment" */;
			buildPhases = (
				F85D4CF420E3FE5300570C99 /* Sources */,
				F85D4CF520E3FE5300570C99 /* Frameworks */,
				F85D4CF620E3FE5300570C99 /* Resources */,
				F857EE3C20E8C17B0055E1F9 /* Embed Frameworks */,
			);
			buildRules = (
			);
			dependencies = (
			);
			name = "AYM iOS Assessment";
			productName = "AYM iOS Assessment";
			productReference = F85D4CF820E3FE5300570C99 /* AYM iOS Assessment.app */;
			productType = "com.apple.product-type.application";
		};
		F85D4D0B20E3FE5800570C99 /* AYM iOS AssessmentTests */ = {
			isa = PBXNativeTarget;
			buildConfigurationList = F85D4D2320E3FE5800570C99 /* Build configuration list for PBXNativeTarget "AYM iOS AssessmentTests" */;
			buildPhases = (
				F85D4D0820E3FE5800570C99 /* Sources */,
				F85D4D0920E3FE5800570C99 /* Frameworks */,
				F85D4D0A20E3FE5800570C99 /* Resources */,
			);
			buildRules = (
			);
			dependencies = (
				F85D4D0E20E3FE5800570C99 /* PBXTargetDependency */,
			);
			name = "AYM iOS AssessmentTests";
			productName = "AYM iOS AssessmentTests";
			productReference = F85D4D0C20E3FE5800570C99 /* AYM iOS AssessmentTests.xctest */;
			productType = "com.apple.product-type.bundle.unit-test";
		};
		F85D4D1620E3FE5800570C99 /* AYM iOS AssessmentUITests */ = {
			isa = PBXNativeTarget;
			buildConfigurationList = F85D4D2620E3FE5800570C99 /* Build configuration list for PBXNativeTarget "AYM iOS AssessmentUITests" */;
			buildPhases = (
				F85D4D1320E3FE5800570C99 /* Sources */,
				F85D4D1420E3FE5800570C99 /* Frameworks */,
				F85D4D1520E3FE5800570C99 /* Resources */,
			);
			buildRules = (
			);
			dependencies = (
				F85D4D1920E3FE5800570C99 /* PBXTargetDependency */,
			);
			name = "AYM iOS AssessmentUITests";
			productName = "AYM iOS AssessmentUITests";
			productReference = F85D4D1720E3FE5800570C99 /* AYM iOS AssessmentUITests.xctest */;
			productType = "com.apple.product-type.bundle.ui-testing";
		};
/* End PBXNativeTarget section */

/* Begin PBXProject section */
		F85D4CF020E3FE5300570C99 /* Project object */ = {
			isa = PBXProject;
			attributes = {
				LastSwiftUpdateCheck = 0940;
				LastUpgradeCheck = 0940;
				ORGANIZATIONNAME = thejeraldo;
				TargetAttributes = {
					F85D4CF720E3FE5300570C99 = {
						CreatedOnToolsVersion = 9.4.1;
					};
					F85D4D0B20E3FE5800570C99 = {
						CreatedOnToolsVersion = 9.4.1;
						TestTargetID = F85D4CF720E3FE5300570C99;
					};
					F85D4D1620E3FE5800570C99 = {
						CreatedOnToolsVersion = 9.4.1;
						TestTargetID = F85D4CF720E3FE5300570C99;
					};
				};
			};
			buildConfigurationList = F85D4CF320E3FE5300570C99 /* Build configuration list for PBXProject "AYM iOS Assessment" */;
			compatibilityVersion = "Xcode 9.3";
			developmentRegion = en;
			hasScannedForEncodings = 0;
			knownRegions = (
				en,
				Base,
			);
			mainGroup = F85D4CEF20E3FE5300570C99;
			productRefGroup = F85D4CF920E3FE5300570C99 /* Products */;
			projectDirPath = "";
			projectRoot = "";
			targets = (
				F85D4CF720E3FE5300570C99 /* AYM iOS Assessment */,
				F85D4D0B20E3FE5800570C99 /* AYM iOS AssessmentTests */,
				F85D4D1620E3FE5800570C99 /* AYM iOS AssessmentUITests */,
			);
		};
/* End PBXProject section */

/* Begin PBXResourcesBuildPhase section */
		F85D4CF620E3FE5300570C99 /* Resources */ = {
			isa = PBXResourcesBuildPhase;
			buildActionMask = 2147483647;
			files = (
				F85D4D0620E3FE5700570C99 /* LaunchScreen.storyboard in Resources */,
				F85D4D0320E3FE5700570C99 /* Assets.xcassets in Resources */,
				F85D4D0120E3FE5300570C99 /* Main.storyboard in Resources */,
				F857EDBE20E4F1050055E1F9 /* Dubai.gpx in Resources */,
			);
			runOnlyForDeploymentPostprocessing = 0;
		};
		F85D4D0A20E3FE5800570C99 /* Resources */ = {
			isa = PBXResourcesBuildPhase;
			buildActionMask = 2147483647;
			files = (
			);
			runOnlyForDeploymentPostprocessing = 0;
		};
		F85D4D1520E3FE5800570C99 /* Resources */ = {
			isa = PBXResourcesBuildPhase;
			buildActionMask = 2147483647;
			files = (
			);
			runOnlyForDeploymentPostprocessing = 0;
		};
/* End PBXResourcesBuildPhase section */

/* Begin PBXSourcesBuildPhase section */
		F85D4CF420E3FE5300570C99 /* Sources */ = {
			isa = PBXSourcesBuildPhase;
			buildActionMask = 2147483647;
			files = (
				F85D4CFC20E3FE5300570C99 /* AppDelegate.swift in Sources */,
				F8F6D86320E8E4A900A6FD8E /* RestaurantsViewController.swift in Sources */,
				F85D4D5820E414D100570C99 /* WeatherViewController.swift in Sources */,
			);
			runOnlyForDeploymentPostprocessing = 0;
		};
		F85D4D0820E3FE5800570C99 /* Sources */ = {
			isa = PBXSourcesBuildPhase;
			buildActionMask = 2147483647;
			files = (
				F85D4D1120E3FE5800570C99 /* AYM_iOS_AssessmentTests.swift in Sources */,
			);
			runOnlyForDeploymentPostprocessing = 0;
		};
		F85D4D1320E3FE5800570C99 /* Sources */ = {
			isa = PBXSourcesBuildPhase;
			buildActionMask = 2147483647;
			files = (
				F85D4D1C20E3FE5800570C99 /* AYM_iOS_AssessmentUITests.swift in Sources */,
			);
			runOnlyForDeploymentPostprocessing = 0;
		};
/* End PBXSourcesBuildPhase section */

/* Begin PBXTargetDependency section */
		F85D4D0E20E3FE5800570C99 /* PBXTargetDependency */ = {
			isa = PBXTargetDependency;
			target = F85D4CF720E3FE5300570C99 /* AYM iOS Assessment */;
			targetProxy = F85D4D0D20E3FE5800570C99 /* PBXContainerItemProxy */;
		};
		F85D4D1920E3FE5800570C99 /* PBXTargetDependency */ = {
			isa = PBXTargetDependency;
			target = F85D4CF720E3FE5300570C99 /* AYM iOS Assessment */;
			targetProxy = F85D4D1820E3FE5800570C99 /* PBXContainerItemProxy */;
		};
/* End PBXTargetDependency section */

/* Begin PBXVariantGroup section */
		F85D4CFF20E3FE5300570C99 /* Main.storyboard */ = {
			isa = PBXVariantGroup;
			children = (
				F85D4D0020E3FE5300570C99 /* Base */,
			);
			name = Main.storyboard;
			sourceTree = "<group>";
		};
		F85D4D0420E3FE5700570C99 /* LaunchScreen.storyboard */ = {
			isa = PBXVariantGroup;
			children = (
				F85D4D0520E3FE5700570C99 /* Base */,
			);
			name = LaunchScreen.storyboard;
			sourceTree = "<group>";
		};
/* End PBXVariantGroup section */

/* Begin XCBuildConfiguration section */
		F85D4D1E20E3FE5800570C99 /* Debug */ = {
			isa = XCBuildConfiguration;
			buildSettings = {
				ALWAYS_SEARCH_USER_PATHS = NO;
				CLANG_ANALYZER_NONNULL = YES;
				CLANG_ANALYZER_NUMBER_OBJECT_CONVERSION = YES_AGGRESSIVE;
				CLANG_CXX_LANGUAGE_STANDARD = "gnu++14";
				CLANG_CXX_LIBRARY = "libc++";
				CLANG_ENABLE_MODULES = YES;
				CLANG_ENABLE_OBJC_ARC = YES;
				CLANG_ENABLE_OBJC_WEAK = YES;
				CLANG_WARN_BLOCK_CAPTURE_AUTORELEASING = YES;
				CLANG_WARN_BOOL_CONVERSION = YES;
				CLANG_WARN_COMMA = YES;
				CLANG_WARN_CONSTANT_CONVERSION = YES;
				CLANG_WARN_DEPRECATED_OBJC_IMPLEMENTATIONS = YES;
				CLANG_WARN_DIRECT_OBJC_ISA_USAGE = YES_ERROR;
				CLANG_WARN_DOCUMENTATION_COMMENTS = YES;
				CLANG_WARN_EMPTY_BODY = YES;
				CLANG_WARN_ENUM_CONVERSION = YES;
				CLANG_WARN_INFINITE_RECURSION = YES;
				CLANG_WARN_INT_CONVERSION = YES;
				CLANG_WARN_NON_LITERAL_NULL_CONVERSION = YES;
				CLANG_WARN_OBJC_IMPLICIT_RETAIN_SELF = YES;
				CLANG_WARN_OBJC_LITERAL_CONVERSION = YES;
				CLANG_WARN_OBJC_ROOT_CLASS = YES_ERROR;
				CLANG_WARN_RANGE_LOOP_ANALYSIS = YES;
				CLANG_WARN_STRICT_PROTOTYPES = YES;
				CLANG_WARN_SUSPICIOUS_MOVE = YES;
				CLANG_WARN_UNGUARDED_AVAILABILITY = YES_AGGRESSIVE;
				CLANG_WARN_UNREACHABLE_CODE = YES;
				CLANG_WARN__DUPLICATE_METHOD_MATCH = YES;
				CODE_SIGN_IDENTITY = "iPhone Developer";
				COPY_PHASE_STRIP = NO;
				DEBUG_INFORMATION_FORMAT = dwarf;
				ENABLE_STRICT_OBJC_MSGSEND = YES;
				ENABLE_TESTABILITY = YES;
				GCC_C_LANGUAGE_STANDARD = gnu11;
				GCC_DYNAMIC_NO_PIC = NO;
				GCC_NO_COMMON_BLOCKS = YES;
				GCC_OPTIMIZATION_LEVEL = 0;
				GCC_PREPROCESSOR_DEFINITIONS = (
					"DEBUG=1",
					"$(inherited)",
				);
				GCC_WARN_64_TO_32_BIT_CONVERSION = YES;
				GCC_WARN_ABOUT_RETURN_TYPE = YES_ERROR;
				GCC_WARN_UNDECLARED_SELECTOR = YES;
				GCC_WARN_UNINITIALIZED_AUTOS = YES_AGGRESSIVE;
				GCC_WARN_UNUSED_FUNCTION = YES;
				GCC_WARN_UNUSED_VARIABLE = YES;
				IPHONEOS_DEPLOYMENT_TARGET = 11.4;
				MTL_ENABLE_DEBUG_INFO = YES;
				ONLY_ACTIVE_ARCH = YES;
				SDKROOT = iphoneos;
				SWIFT_ACTIVE_COMPILATION_CONDITIONS = DEBUG;
				SWIFT_OPTIMIZATION_LEVEL = "-Onone";
			};
			name = Debug;
		};
		F85D4D1F20E3FE5800570C99 /* Release */ = {
			isa = XCBuildConfiguration;
			buildSettings = {
				ALWAYS_SEARCH_USER_PATHS = NO;
				CLANG_ANALYZER_NONNULL = YES;
				CLANG_ANALYZER_NUMBER_OBJECT_CONVERSION = YES_AGGRESSIVE;
				CLANG_CXX_LANGUAGE_STANDARD = "gnu++14";
				CLANG_CXX_LIBRARY = "libc++";
				CLANG_ENABLE_MODULES = YES;
				CLANG_ENABLE_OBJC_ARC = YES;
				CLANG_ENABLE_OBJC_WEAK = YES;
				CLANG_WARN_BLOCK_CAPTURE_AUTORELEASING = YES;
				CLANG_WARN_BOOL_CONVERSION = YES;
				CLANG_WARN_COMMA = YES;
				CLANG_WARN_CONSTANT_CONVERSION = YES;
				CLANG_WARN_DEPRECATED_OBJC_IMPLEMENTATIONS = YES;
				CLANG_WARN_DIRECT_OBJC_ISA_USAGE = YES_ERROR;
				CLANG_WARN_DOCUMENTATION_COMMENTS = YES;
				CLANG_WARN_EMPTY_BODY = YES;
				CLANG_WARN_ENUM_CONVERSION = YES;
				CLANG_WARN_INFINITE_RECURSION = YES;
				CLANG_WARN_INT_CONVERSION = YES;
				CLANG_WARN_NON_LITERAL_NULL_CONVERSION = YES;
				CLANG_WARN_OBJC_IMPLICIT_RETAIN_SELF = YES;
				CLANG_WARN_OBJC_LITERAL_CONVERSION = YES;
				CLANG_WARN_OBJC_ROOT_CLASS = YES_ERROR;
				CLANG_WARN_RANGE_LOOP_ANALYSIS = YES;
				CLANG_WARN_STRICT_PROTOTYPES = YES;
				CLANG_WARN_SUSPICIOUS_MOVE = YES;
				CLANG_WARN_UNGUARDED_AVAILABILITY = YES_AGGRESSIVE;
				CLANG_WARN_UNREACHABLE_CODE = YES;
				CLANG_WARN__DUPLICATE_METHOD_MATCH = YES;
				CODE_SIGN_IDENTITY = "iPhone Developer";
				COPY_PHASE_STRIP = NO;
				DEBUG_INFORMATION_FORMAT = "dwarf-with-dsym";
				ENABLE_NS_ASSERTIONS = NO;
				ENABLE_STRICT_OBJC_MSGSEND = YES;
				GCC_C_LANGUAGE_STANDARD = gnu11;
				GCC_NO_COMMON_BLOCKS = YES;
				GCC_WARN_64_TO_32_BIT_CONVERSION = YES;
				GCC_WARN_ABOUT_RETURN_TYPE = YES_ERROR;
				GCC_WARN_UNDECLARED_SELECTOR = YES;
				GCC_WARN_UNINITIALIZED_AUTOS = YES_AGGRESSIVE;
				GCC_WARN_UNUSED_FUNCTION = YES;
				GCC_WARN_UNUSED_VARIABLE = YES;
				IPHONEOS_DEPLOYMENT_TARGET = 11.4;
				MTL_ENABLE_DEBUG_INFO = NO;
				SDKROOT = iphoneos;
				SWIFT_COMPILATION_MODE = wholemodule;
				SWIFT_OPTIMIZATION_LEVEL = "-O";
				VALIDATE_PRODUCT = YES;
			};
			name = Release;
		};
		F85D4D2120E3FE5800570C99 /* Debug */ = {
			isa = XCBuildConfiguration;
			buildSettings = {
				ASSETCATALOG_COMPILER_APPICON_NAME = AppIcon;
				CODE_SIGN_STYLE = Automatic;
				DEVELOPMENT_TEAM = 6VJF35UZSF;
				INFOPLIST_FILE = "AYM iOS Assessment/Info.plist";
				IPHONEOS_DEPLOYMENT_TARGET = 11.0;
				LD_RUNPATH_SEARCH_PATHS = (
					"$(inherited)",
					"@executable_path/Frameworks",
				);
				PRODUCT_BUNDLE_IDENTIFIER = "com.thejeraldo.AYM-iOS-Assessment";
				PRODUCT_NAME = "$(TARGET_NAME)";
				SWIFT_VERSION = 4.0;
				TARGETED_DEVICE_FAMILY = 1;
			};
			name = Debug;
		};
		F85D4D2220E3FE5800570C99 /* Release */ = {
			isa = XCBuildConfiguration;
			buildSettings = {
				ASSETCATALOG_COMPILER_APPICON_NAME = AppIcon;
				CODE_SIGN_STYLE = Automatic;
				DEVELOPMENT_TEAM = 6VJF35UZSF;
				INFOPLIST_FILE = "AYM iOS Assessment/Info.plist";
				IPHONEOS_DEPLOYMENT_TARGET = 11.0;
				LD_RUNPATH_SEARCH_PATHS = (
					"$(inherited)",
					"@executable_path/Frameworks",
				);
				PRODUCT_BUNDLE_IDENTIFIER = "com.thejeraldo.AYM-iOS-Assessment";
				PRODUCT_NAME = "$(TARGET_NAME)";
				SWIFT_VERSION = 4.0;
				TARGETED_DEVICE_FAMILY = 1;
			};
			name = Release;
		};
		F85D4D2420E3FE5800570C99 /* Debug */ = {
			isa = XCBuildConfiguration;
			buildSettings = {
				ALWAYS_EMBED_SWIFT_STANDARD_LIBRARIES = YES;
				BUNDLE_LOADER = "$(TEST_HOST)";
				CODE_SIGN_STYLE = Automatic;
				DEVELOPMENT_TEAM = 6VJF35UZSF;
				INFOPLIST_FILE = "AYM iOS AssessmentTests/Info.plist";
				LD_RUNPATH_SEARCH_PATHS = (
					"$(inherited)",
					"@executable_path/Frameworks",
					"@loader_path/Frameworks",
				);
				PRODUCT_BUNDLE_IDENTIFIER = "com.thejeraldo.AYM-iOS-AssessmentTests";
				PRODUCT_NAME = "$(TARGET_NAME)";
				SWIFT_VERSION = 4.0;
				TARGETED_DEVICE_FAMILY = "1,2";
				TEST_HOST = "$(BUILT_PRODUCTS_DIR)/AYM iOS Assessment.app/AYM iOS Assessment";
			};
			name = Debug;
		};
		F85D4D2520E3FE5800570C99 /* Release */ = {
			isa = XCBuildConfiguration;
			buildSettings = {
				ALWAYS_EMBED_SWIFT_STANDARD_LIBRARIES = YES;
				BUNDLE_LOADER = "$(TEST_HOST)";
				CODE_SIGN_STYLE = Automatic;
				DEVELOPMENT_TEAM = 6VJF35UZSF;
				INFOPLIST_FILE = "AYM iOS AssessmentTests/Info.plist";
				LD_RUNPATH_SEARCH_PATHS = (
					"$(inherited)",
					"@executable_path/Frameworks",
					"@loader_path/Frameworks",
				);
				PRODUCT_BUNDLE_IDENTIFIER = "com.thejeraldo.AYM-iOS-AssessmentTests";
				PRODUCT_NAME = "$(TARGET_NAME)";
				SWIFT_VERSION = 4.0;
				TARGETED_DEVICE_FAMILY = "1,2";
				TEST_HOST = "$(BUILT_PRODUCTS_DIR)/AYM iOS Assessment.app/AYM iOS Assessment";
			};
			name = Release;
		};
		F85D4D2720E3FE5800570C99 /* Debug */ = {
			isa = XCBuildConfiguration;
			buildSettings = {
				ALWAYS_EMBED_SWIFT_STANDARD_LIBRARIES = YES;
				CODE_SIGN_STYLE = Automatic;
				DEVELOPMENT_TEAM = 6VJF35UZSF;
				INFOPLIST_FILE = "AYM iOS AssessmentUITests/Info.plist";
				LD_RUNPATH_SEARCH_PATHS = (
					"$(inherited)",
					"@executable_path/Frameworks",
					"@loader_path/Frameworks",
				);
				PRODUCT_BUNDLE_IDENTIFIER = "com.thejeraldo.AYM-iOS-AssessmentUITests";
				PRODUCT_NAME = "$(TARGET_NAME)";
				SWIFT_VERSION = 4.0;
				TARGETED_DEVICE_FAMILY = "1,2";
				TEST_TARGET_NAME = "AYM iOS Assessment";
			};
			name = Debug;
		};
		F85D4D2820E3FE5800570C99 /* Release */ = {
			isa = XCBuildConfiguration;
			buildSettings = {
				ALWAYS_EMBED_SWIFT_STANDARD_LIBRARIES = YES;
				CODE_SIGN_STYLE = Automatic;
				DEVELOPMENT_TEAM = 6VJF35UZSF;
				INFOPLIST_FILE = "AYM iOS AssessmentUITests/Info.plist";
				LD_RUNPATH_SEARCH_PATHS = (
					"$(inherited)",
					"@executable_path/Frameworks",
					"@loader_path/Frameworks",
				);
				PRODUCT_BUNDLE_IDENTIFIER = "com.thejeraldo.AYM-iOS-AssessmentUITests";
				PRODUCT_NAME = "$(TARGET_NAME)";
				SWIFT_VERSION = 4.0;
				TARGETED_DEVICE_FAMILY = "1,2";
				TEST_TARGET_NAME = "AYM iOS Assessment";
			};
			name = Release;
		};
/* End XCBuildConfiguration section */

/* Begin XCConfigurationList section */
		F85D4CF320E3FE5300570C99 /* Build configuration list for PBXProject "AYM iOS Assessment" */ = {
			isa = XCConfigurationList;
			buildConfigurations = (
				F85D4D1E20E3FE5800570C99 /* Debug */,
				F85D4D1F20E3FE5800570C99 /* Release */,
			);
			defaultConfigurationIsVisible = 0;
			defaultConfigurationName = Release;
		};
		F85D4D2020E3FE5800570C99 /* Build configuration list for PBXNativeTarget "AYM iOS Assessment" */ = {
			isa = XCConfigurationList;
			buildConfigurations = (
				F85D4D2120E3FE5800570C99 /* Debug */,
				F85D4D2220E3FE5800570C99 /* Release */,
			);
			defaultConfigurationIsVisible = 0;
			defaultConfigurationName = Release;
		};
		F85D4D2320E3FE5800570C99 /* Build configuration list for PBXNativeTarget "AYM iOS AssessmentTests" */ = {
			isa = XCConfigurationList;
			buildConfigurations = (
				F85D4D2420E3FE5800570C99 /* Debug */,
				F85D4D2520E3FE5800570C99 /* Release */,
			);
			defaultConfigurationIsVisible = 0;
			defaultConfigurationName = Release;
		};
		F85D4D2620E3FE5800570C99 /* Build configuration list for PBXNativeTarget "AYM iOS AssessmentUITests" */ = {
			isa = XCConfigurationList;
			buildConfigurations = (
				F85D4D2720E3FE5800570C99 /* Debug */,
				F85D4D2820E3FE5800570C99 /* Release */,
			);
			defaultConfigurationIsVisible = 0;
			defaultConfigurationName = Release;
		};
/* End XCConfigurationList section */
	};
	rootObject = F85D4CF020E3FE5300570C99 /* Project object */;
}
